
Microsoft Visual Studio Solution File, Format Version 12.00
# Visual Studio Version 17
VisualStudioVersion = 17.5.33326.253
MinimumVisualStudioVersion = 10.0.40219.1
Project("{2150E333-8FDC-42A3-9474-1A3956D46DE8}") = "Model", "Model", "{7473A4CE-EF41-41EE-B31B-F323D6FF6B8B}"
EndProject
Project("{2150E333-8FDC-42A3-9474-1A3956D46DE8}") = "View", "View", "{26B18C5D-3F6D-4E64-AD99-56ACB189B947}"
EndProject
Project("{2150E333-8FDC-42A3-9474-1A3956D46DE8}") = "ViewModel", "ViewModel", "{9850A3BE-EFFE-436F-B1A7-321B44CFA74E}"
EndProject
Project("{2150E333-8FDC-42A3-9474-1A3956D46DE8}") = "Setup", "Setup", "{F500A713-91ED-47BC-AA6E-5BCDE6FCFF54}"
EndProject
Project("{FAE04EC0-301F-11D3-BF4B-00C04F79EFBC}") = "mopo.CodePublishTool.Desktop", "mopo.CodePublishTool.Desktop\mopo.CodePublishTool.Desktop.csproj", "{A0D0B23C-5E7F-42C4-883E-030328577963}"
EndProject
Project("{FAE04EC0-301F-11D3-BF4B-00C04F79EFBC}") = "mopo.CodePublishTool.ViewModel", "mopo.CodePublishTool.ViewModel\mopo.CodePublishTool.ViewModel.csproj", "{C7D70A6C-10C9-49DC-AFCD-42A66DDAEB28}"
EndProject
Project("{FAE04EC0-301F-11D3-BF4B-00C04F79EFBC}") = "mopo.CodePublishTool.Model", "mopo.CodePublishTool.Model\mopo.CodePublishTool.Model.csproj", "{27562B76-D166-4575-80C4-2EBA09B03E12}"
EndProject
Project("{54435603-DBB4-11D2-8724-00A0C9A8B90C}") = "mopo.CodePublishTool.Setup", "mopo.CodePublishTool.Setup\mopo.CodePublishTool.Setup.vdproj", "{04A613E2-7BE0-4847-9E43-35130D3A8FCD}"
EndProject
Project("{2150E333-8FDC-42A3-9474-1A3956D46DE8}") = "README", "README", "{9F9FA4D5-BB22-4205-99B2-D22271D46C0A}"
	ProjectSection(SolutionItems) = preProject
		README.md = README.md
	EndProjectSection
EndProject
Global
	GlobalSection(SolutionConfigurationPlatforms) = preSolution
		Debug|Any CPU = Debug|Any CPU
		Release|Any CPU = Release|Any CPU
	EndGlobalSection
	GlobalSection(ProjectConfigurationPlatforms) = postSolution
		{A0D0B23C-5E7F-42C4-883E-030328577963}.Debug|Any CPU.ActiveCfg = Debug|Any CPU
		{A0D0B23C-5E7F-42C4-883E-030328577963}.Debug|Any CPU.Build.0 = Debug|Any CPU
		{A0D0B23C-5E7F-42C4-883E-030328577963}.Release|Any CPU.ActiveCfg = Release|Any CPU
		{A0D0B23C-5E7F-42C4-883E-030328577963}.Release|Any CPU.Build.0 = Release|Any CPU
		{C7D70A6C-10C9-49DC-AFCD-42A66DDAEB28}.Debug|Any CPU.ActiveCfg = Debug|Any CPU
		{C7D70A6C-10C9-49DC-AFCD-42A66DDAEB28}.Debug|Any CPU.Build.0 = Debug|Any CPU
		{C7D70A6C-10C9-49DC-AFCD-42A66DDAEB28}.Release|Any CPU.ActiveCfg = Release|Any CPU
		{C7D70A6C-10C9-49DC-AFCD-42A66DDAEB28}.Release|Any CPU.Build.0 = Release|Any CPU
		{27562B76-D166-4575-80C4-2EBA09B03E12}.Debug|Any CPU.ActiveCfg = Debug|Any CPU
		{27562B76-D166-4575-80C4-2EBA09B03E12}.Debug|Any CPU.Build.0 = Debug|Any CPU
		{27562B76-D166-4575-80C4-2EBA09B03E12}.Release|Any CPU.ActiveCfg = Release|Any CPU
		{27562B76-D166-4575-80C4-2EBA09B03E12}.Release|Any CPU.Build.0 = Release|Any CPU
		{04A613E2-7BE0-4847-9E43-35130D3A8FCD}.Debug|Any CPU.ActiveCfg = Debug
		{04A613E2-7BE0-4847-9E43-35130D3A8FCD}.Release|Any CPU.ActiveCfg = Release
	EndGlobalSection
	GlobalSection(SolutionProperties) = preSolution
		HideSolutionNode = FALSE
	EndGlobalSection
	GlobalSection(NestedProjects) = preSolution
		{A0D0B23C-5E7F-42C4-883E-030328577963} = {26B18C5D-3F6D-4E64-AD99-56ACB189B947}
		{C7D70A6C-10C9-49DC-AFCD-42A66DDAEB28} = {9850A3BE-EFFE-436F-B1A7-321B44CFA74E}
		{27562B76-D166-4575-80C4-2EBA09B03E12} = {7473A4CE-EF41-41EE-B31B-F323D6FF6B8B}
		{04A613E2-7BE0-4847-9E43-35130D3A8FCD} = {F500A713-91ED-47BC-AA6E-5BCDE6FCFF54}
	EndGlobalSection
	GlobalSection(ExtensibilityGlobals) = postSolution
		SolutionGuid = {93F9F864-3D67-423A-B1FE-3EB62D571035}
	EndGlobalSection
EndGlobal
